github.com/golang/groupcache v0.0.0-20210331224755-41bb18bfe9da h1:oI5xCqsCo564l8iNU+DwB5epxmsaqB+rhGL0m5jtYqE=
github.com/golang/groupcache v0.0.0-20210331224755-41bb18bfe9da/go.mod h1:cIg4eruTrX1D+g88fzRXU5OdNfaM+9IcxsU14FzY7Hc=
github.com/sdurz/axon v0.0.0-20210423090506-b7997c4900f0 h1:W8GMXVa6i3kR2CUajxKCLbV7Gpi0GbMA5zTOnfVAy6s=
github.com/sdurz/axon v0.0.0-20210423090506-b7997c4900f0/go.mod h1:nVkVhRs6ld7JRt9W7SmSJnnMc7tLS+nvudgio4idQ3A=
github.com/sdurz/ubot v0.0.0-20210524102937-ba71d096556c h1:DLA5FSIQbZJ7xL8sQDIPdteMq6J7KYMtDAD+s0flv/c=
github.com/sdurz/ubot v0.0.0-20210524102937-ba71d096556c/go.mod h1:xnPMp4Zk/AhaAKACusM8gByey+442RsjI/L8gdB/9KA=
github.com/sdurz/ubot v0.0.0-20210529075511-e2bc1eddcec0 h1:wP0dR9LIvFzCwrXIVYyeqw8U3/p3Qvli2oj4tpDpUfE=
github.com/sdurz/ubot v0.0.0-20210529075511-e2bc1eddcec0/go.mod h1:xnPMp4Zk/AhaAKACusM8gByey+442RsjI/L8gdB/9KA=
github.com/sdurz/ubot v0.0.0-20210530094005-731eb26c2131 h1:iKsJnD8bUzc2qYrUMapb6GAH8PUxrlVjog68/llPug4=
github.com/sdurz/ubot v0.0.0-20210530094005-731eb26c2131/go.mod h1:xnPMp4Zk/AhaAKACusM8gByey+442RsjI/L8gdB/9KA=
github.com/sdurz/ubot v0.0.0-20210530111117-618ad57a377b h1:fxpDggFy9dh4ATtpgBoGaHWVS+uZPEEceyvffmXdsCc=
github.com/sdurz/ubot v0.0.0-20210530111117-618ad57a377b/go.mod h1:xnPMp4Zk/AhaAKACusM8gByey+442RsjI/L8gdB/9KA=
github.com/sdurz/ubot v0.0.0-20210530143320-2365d6443844 h1:LGlfOPcK1wPjgVPQYnC+FVZM4Ucb2367pziTi5svess=
github.com/sdurz/ubot v0.0.0-20210530143320-2365d6443844/go.mod h1:xnPMp4Zk/AhaAKACusM8gByey+442RsjI/L8gdB/9KA=
github.com/sdurz/ubot v0.0.0-20210530150922-c25f40fc5f4c h1:btZbk7yNC8PS07UBZWZcRiGhXXD+1ZzXc4ichnXbEnE=
github.com/sdurz/ubot v0.0.0-20210530150922-c25f40fc5f4c/go.mod h1:xnPMp4Zk/AhaAKACusM8gByey+442RsjI/L8gdB/9KA=
github.com/umahmood/haversine v0.0.0-20151105152445-808ab04add26 h1:UFHFmFfixpmfRBcxuu+LA9l8MdURWVdVNUHxO5n1d2w=
github.com/umahmood/haversine v0.0.0-20151105152445-808ab04add26/go.mod h1:IGhd0qMDsUa9acVjsbsT7bu3ktadtGOHI79+idTew/M=
